
Microsoft Visual Studio Solution File, Format Version 12.00
# Visual Studio 2013
VisualStudioVersion = 12.0.31101.0
MinimumVisualStudioVersion = 10.0.40219.1
Project("{FAE04EC0-301F-11D3-BF4B-00C04F79EFBC}") = "RedisObjectCache", "..\src\RedisObjectCache\RedisObjectCache.csproj", "{75512538-31F7-4AB7-87BF-ECBD6BBB96B7}"
EndProject
Project("{FAE04EC0-301F-11D3-BF4B-00C04F79EFBC}") = "RedisObjectCache.Sample", "RedisObjectCache.Sample\RedisObjectCache.Sample.csproj", "{C7BC36BA-BBF4-40EA-A451-29F19EE3EAAA}"
EndProject
Global
	GlobalSection(SolutionConfigurationPlatforms) = preSolution
		Debug|Any CPU = Debug|Any CPU
		Release|Any CPU = Release|Any CPU
	EndGlobalSection
	GlobalSection(ProjectConfigurationPlatforms) = postSolution
		{75512538-31F7-4AB7-87BF-ECBD6BBB96B7}.Debug|Any CPU.ActiveCfg = Debug|Any CPU
		{75512538-31F7-4AB7-87BF-ECBD6BBB96B7}.Debug|Any CPU.Build.0 = Debug|Any CPU
		{75512538-31F7-4AB7-87BF-ECBD6BBB96B7}.Release|Any CPU.ActiveCfg = Release|Any CPU
		{75512538-31F7-4AB7-87BF-ECBD6BBB96B7}.Release|Any CPU.Build.0 = Release|Any CPU
		{C7BC36BA-BBF4-40EA-A451-29F19EE3EAAA}.Debug|Any CPU.ActiveCfg = Debug|Any CPU
		{C7BC36BA-BBF4-40EA-A451-29F19EE3EAAA}.Debug|Any CPU.Build.0 = Debug|Any CPU
		{C7BC36BA-BBF4-40EA-A451-29F19EE3EAAA}.Release|Any CPU.ActiveCfg = Release|Any CPU
		{C7BC36BA-BBF4-40EA-A451-29F19EE3EAAA}.Release|Any CPU.Build.0 = Release|Any CPU
	EndGlobalSection
	GlobalSection(SolutionProperties) = preSolution
		HideSolutionNode = FALSE
	EndGlobalSection
EndGlobal
